[[package]]
category = "main"
description = "A library for parsing ISO 8601 strings."
name = "aniso8601"
optional = false
python-versions = "*"
version = "7.0.0"

[[package]]
category = "main"
description = "ASGI specs, helper code, and adapters"
name = "asgiref"
optional = false
python-versions = "*"
version = "3.2.3"

[[package]]
category = "main"
description = "A high-level Python Web framework that encourages rapid development and clean, pragmatic design."
name = "django"
optional = false
python-versions = ">=3.6"
version = "3.0"

[package.dependencies]
asgiref = ">=3.2,<4.0"
pytz = "*"
sqlparse = ">=0.2.2"

[[package]]
category = "main"
description = "Django-environ allows you to utilize 12factor inspired environment variables to configure your Django application."
name = "django-environ"
optional = false
python-versions = "*"
version = "0.4.5"

[[package]]
category = "main"
description = "Django-filter is a reusable Django application for allowing users to filter querysets dynamically."
name = "django-filter"
optional = false
python-versions = ">=3.4"
version = "2.2.0"

[package.dependencies]
Django = ">=1.11"

[[package]]
category = "main"
description = "GraphQL Framework for Python"
name = "graphene"
optional = false
python-versions = "*"
version = "2.1.8"

[package.dependencies]
aniso8601 = ">=3,<=7"
graphql-core = ">=2.1,<3"
graphql-relay = ">=2,<3"
six = ">=1.10.0,<2"

[[package]]
category = "main"
description = "Graphene Django integration"
name = "graphene-django"
optional = false
python-versions = "*"
version = "2.7.1"

[package.dependencies]
Django = ">=1.11"
graphene = ">=2.1.7,<3"
graphql-core = ">=2.1.0,<3"
promise = ">=2.1"
singledispatch = ">=3.4.0.3"
six = ">=1.10.0"

[[package]]
category = "main"
description = "GraphQL implementation for Python"
name = "graphql-core"
optional = false
python-versions = "*"
version = "2.2.1"

[package.dependencies]
promise = ">=2.1"
rx = ">=1.6,<3"
six = ">=1.10.0"

[[package]]
category = "main"
description = "Relay implementation for Python"
name = "graphql-relay"
optional = false
python-versions = "*"
version = "2.0.1"

[package.dependencies]
graphql-core = ">=2.2,<3"
promise = ">=2.2,<3"
six = ">=1.12"

[[package]]
category = "main"
description = "Promises/A+ implementation for Python"
name = "promise"
optional = false
python-versions = "*"
version = "2.2.1"

[package.dependencies]
six = "*"

[[package]]
category = "main"
description = "psycopg2 - Python-PostgreSQL Database Adapter"
name = "psycopg2-binary"
optional = false
python-versions = ">=2.7,!=3.0.*,!=3.1.*,!=3.2.*,!=3.3.*"
version = "2.8.4"

[[package]]
category = "main"
description = "World timezone definitions, modern and historical"
name = "pytz"
optional = false
python-versions = "*"
version = "2019.3"

[[package]]
category = "main"
description = "Reactive Extensions (Rx) for Python"
name = "rx"
optional = false
python-versions = "*"
version = "1.6.1"

[[package]]
category = "main"
description = "This library brings functools.singledispatch from Python 3.4 to Python 2.6-3.3."
name = "singledispatch"
optional = false
python-versions = "*"
version = "3.4.0.3"

[package.dependencies]
six = "*"

[[package]]
category = "main"
description = "Python 2 and 3 compatibility utilities"
name = "six"
optional = false
python-versions = ">=2.6, !=3.0.*, !=3.1.*"
version = "1.13.0"

[[package]]
category = "main"
description = "Non-validating SQL parser"
name = "sqlparse"
optional = false
python-versions = ">=2.7, !=3.0.*, !=3.1.*, !=3.2.*, !=3.3.*"
version = "0.3.0"

[metadata]
content-hash = "580c61a929a1fad4058f27c985e0ce108a952eacc09c5c440d44439422a54109"
python-versions = "^3.6"

[metadata.hashes]
aniso8601 = ["513d2b6637b7853806ae79ffaca6f3e8754bdd547048f5ccc1420aec4b714f1e", "d10a4bf949f619f719b227ef5386e31f49a2b6d453004b21f02661ccc8670c7b"]
asgiref = ["7e06d934a7718bf3975acbf87780ba678957b87c7adc056f13b6215d610695a0", "ea448f92fc35a0ef4b1508f53a04c4670255a3f33d22a81c8fc9c872036adbe5"]
django = ["6f857bd4e574442ba35a7172f1397b303167dae964cf18e53db5e85fe248d000", "d98c9b6e5eed147bc51f47c014ff6826bd1ab50b166956776ee13db5a58804ae"]
django-environ = ["6c9d87660142608f63ec7d5ce5564c49b603ea8ff25da595fd6098f6dc82afde", "c57b3c11ec1f319d9474e3e5a79134f40174b17c7cc024bbb2fad84646b120c4"]
django-filter = ["558c727bce3ffa89c4a7a0b13bc8976745d63e5fd576b3a9a851650ef11c401b", "c3deb57f0dd7ff94d7dce52a047516822013e2b441bed472b722a317658cfd14"]
graphene = ["09165f03e1591b76bf57b133482db9be6dac72c74b0a628d3c93182af9c5a896", "2cbe6d4ef15cfc7b7805e0760a0e5b80747161ce1b0f990dfdc0d2cf497c12f9"]
graphene-django = ["233037a82a56d9d4a1357f51743a2948016a358a0b58d071faa2ae56bf47e65d", "eab206e013eca3366b1a8f78ac9aa1024c7fbabed5cbd0c09fda6d325b37aa32"]
graphql-core = ["1488f2a5c2272dc9ba66e3042a6d1c30cea0db4c80bd1e911c6791ad6187d91b", "da64c472d720da4537a2e8de8ba859210b62841bd47a9be65ca35177f62fe0e4"]
graphql-relay = ["870b6b5304123a38a0b215a79eace021acce5a466bf40cd39fa18cb8528afabb", "ac514cb86db9a43014d7e73511d521137ac12cf0101b2eaa5f0a3da2e10d913d"]
promise = ["2ebbfc10b7abf6354403ed785fe4f04b9dfd421eb1a474ac8d187022228332af", "348f5f6c3edd4fd47c9cd65aed03ac1b31136d375aa63871a57d3e444c85655c"]
psycopg2-binary = ["040234f8a4a8dfd692662a8308d78f63f31a97e1c42d2480e5e6810c48966a29", "086f7e89ec85a6704db51f68f0dcae432eff9300809723a6e8782c41c2f48e03", "18ca813fdb17bc1db73fe61b196b05dd1ca2165b884dd5ec5568877cabf9b039", "19dc39616850342a2a6db70559af55b22955f86667b5f652f40c0e99253d9881", "2166e770cb98f02ed5ee2b0b569d40db26788e0bf2ec3ae1a0d864ea6f1d8309", "3a2522b1d9178575acee4adf8fd9f979f9c0449b00b4164bb63c3475ea6528ed", "3aa773580f85a28ffdf6f862e59cb5a3cc7ef6885121f2de3fca8d6ada4dbf3b", "3b5deaa3ee7180585a296af33e14c9b18c218d148e735c7accf78130765a47e3", "407af6d7e46593415f216c7f56ba087a9a42bd6dc2ecb86028760aa45b802bd7", "4c3c09fb674401f630626310bcaf6cd6285daf0d5e4c26d6e55ca26a2734e39b", "4c6717962247445b4f9e21c962ea61d2e884fc17df5ddf5e35863b016f8a1f03", "50446fae5681fc99f87e505d4e77c9407e683ab60c555ec302f9ac9bffa61103", "5057669b6a66aa9ca118a2a860159f0ee3acf837eda937bdd2a64f3431361a2d", "5dd90c5438b4f935c9d01fcbad3620253da89d19c1f5fca9158646407ed7df35", "659c815b5b8e2a55193ede2795c1e2349b8011497310bb936da7d4745652823b", "69b13fdf12878b10dc6003acc8d0abf3ad93e79813fd5f3812497c1c9fb9be49", "7a1cb80e35e1ccea3e11a48afe65d38744a0e0bde88795cc56a4d05b6e4f9d70", "7e6e3c52e6732c219c07bd97fff6c088f8df4dae3b79752ee3a817e6f32e177e", "7f42a8490c4fe854325504ce7a6e4796b207960dabb2cbafe3c3959cb00d1d7e", "84156313f258eafff716b2961644a4483a9be44a5d43551d554844d15d4d224e", "8578d6b8192e4c805e85f187bc530d0f52ba86c39172e61cd51f68fddd648103", "890167d5091279a27e2505ff0e1fb273f8c48c41d35c5b92adbf4af80e6b2ed6", "98e10634792ac0e9e7a92a76b4991b44c2325d3e7798270a808407355e7bb0a1", "9aadff9032e967865f9778485571e93908d27dab21d0fdfdec0ca779bb6f8ad9", "9f24f383a298a0c0f9b3113b982e21751a8ecde6615494a3f1470eb4a9d70e9e", "a73021b44813b5c84eda4a3af5826dd72356a900bac9bd9dd1f0f81ee1c22c2f", "afd96845e12638d2c44d213d4810a08f4dc4a563f9a98204b7428e567014b1cd", "b73ddf033d8cd4cc9dfed6324b1ad2a89ba52c410ef6877998422fcb9c23e3a8", "b8f490f5fad1767a1331df1259763b3bad7d7af12a75b950c2843ba319b2415f", "dbc5cd56fff1a6152ca59445178652756f4e509f672e49ccdf3d79c1043113a4", "eac8a3499754790187bb00574ab980df13e754777d346f85e0ff6df929bcd964", "eaed1c65f461a959284649e37b5051224f4db6ebdc84e40b5e65f2986f101a08"]
pytz = ["1c557d7d0e871de1f5ccd5833f60fb2550652da6be2693c1e02300743d21500d", "b02c06db6cf09c12dd25137e563b31700d3b80fcc4ad23abb7a315f2789819be"]
rx = ["13a1d8d9e252625c173dc795471e614eadfe1cf40ffc684e08b8fff0d9748c23", "7357592bc7e881a95e0c2013b73326f704953301ab551fbc8133a6fadab84105"]
singledispatch = ["5b06af87df13818d14f08a028e42f566640aef80805c3b50c5056b086e3c2b9c", "833b46966687b3de7f438c761ac475213e53b306740f1abfaa86e1d1aae56aa8"]
six = ["1f1b7d42e254082a9db6279deae68afb421ceba6158efa6131de7b3003ee93fd", "30f610279e8b2578cab6db20741130331735c781b56053c59c4076da27f06b66"]
sqlparse = ["40afe6b8d4b1117e7dff5504d7a8ce07d9a1b15aeeade8a2d10f130a834f8177", "7c3dca29c022744e95b547e867cee89f4fce4373f3549ccd8797d8eb52cdb873"]
